
Microsoft Visual Studio Solution File, Format Version 12.00
# Visual Studio 14
VisualStudioVersion = 14.0.25420.1
MinimumVisualStudioVersion = 10.0.40219.1
Project("{FAE04EC0-301F-11D3-BF4B-00C04F79EFBC}") = "AsyncAwaitMVC", "AsyncAwaitMVC\AsyncAwaitMVC.csproj", "{88C1591C-2615-4429-9EF8-8591AF8A28FC}"
EndProject
Project("{FAE04EC0-301F-11D3-BF4B-00C04F79EFBC}") = "AsyncAwaitConsole", "AsyncAwaitConsole\AsyncAwaitConsole.csproj", "{2903C117-01C3-4E90-BDD5-9FC902BE5088}"
EndProject
Global
	GlobalSection(SolutionConfigurationPlatforms) = preSolution
		Debug|Any CPU = Debug|Any CPU
		Release|Any CPU = Release|Any CPU
	EndGlobalSection
	GlobalSection(ProjectConfigurationPlatforms) = postSolution
		{88C1591C-2615-4429-9EF8-8591AF8A28FC}.Debug|Any CPU.ActiveCfg = Debug|Any CPU
		{88C1591C-2615-4429-9EF8-8591AF8A28FC}.Debug|Any CPU.Build.0 = Debug|Any CPU
		{88C1591C-2615-4429-9EF8-8591AF8A28FC}.Release|Any CPU.ActiveCfg = Release|Any CPU
		{88C1591C-2615-4429-9EF8-8591AF8A28FC}.Release|Any CPU.Build.0 = Release|Any CPU
		{2903C117-01C3-4E90-BDD5-9FC902BE5088}.Debug|Any CPU.ActiveCfg = Debug|Any CPU
		{2903C117-01C3-4E90-BDD5-9FC902BE5088}.Debug|Any CPU.Build.0 = Debug|Any CPU
		{2903C117-01C3-4E90-BDD5-9FC902BE5088}.Release|Any CPU.ActiveCfg = Release|Any CPU
		{2903C117-01C3-4E90-BDD5-9FC902BE5088}.Release|Any CPU.Build.0 = Release|Any CPU
	EndGlobalSection
	GlobalSection(SolutionProperties) = preSolution
		HideSolutionNode = FALSE
	EndGlobalSection
EndGlobal
